
Microsoft Visual Studio Solution File, Format Version 12.00
# Visual Studio 15
VisualStudioVersion = 15.0.27428.2002
MinimumVisualStudioVersion = 10.0.40219.1
Project("{FAE04EC0-301F-11D3-BF4B-00C04F79EFBC}") = "DynamicDnsClient", "DynamicDnsClient\DynamicDnsClient.csproj", "{F6CDA93A-6CDF-40E6-B79C-FEF3A18D4C7D}"
EndProject
Global
	GlobalSection(SolutionConfigurationPlatforms) = preSolution
		Debug|Any CPU = Debug|Any CPU
		Release|Any CPU = Release|Any CPU
	EndGlobalSection
	GlobalSection(ProjectConfigurationPlatforms) = postSolution
		{F6CDA93A-6CDF-40E6-B79C-FEF3A18D4C7D}.Debug|Any CPU.ActiveCfg = Debug|Any CPU
		{F6CDA93A-6CDF-40E6-B79C-FEF3A18D4C7D}.Debug|Any CPU.Build.0 = Debug|Any CPU
		{F6CDA93A-6CDF-40E6-B79C-FEF3A18D4C7D}.Release|Any CPU.ActiveCfg = Release|Any CPU
		{F6CDA93A-6CDF-40E6-B79C-FEF3A18D4C7D}.Release|Any CPU.Build.0 = Release|Any CPU
	EndGlobalSection
	GlobalSection(SolutionProperties) = preSolution
		HideSolutionNode = FALSE
	EndGlobalSection
	GlobalSection(ExtensibilityGlobals) = postSolution
		SolutionGuid = {AAF9AD0A-DD65-4AAB-9E1C-978FCB75476F}
	EndGlobalSection
EndGlobal
